{
  "name": "test-nidirect",
  "version": "1.0.0",
  "lockfileVersion": 1,
  "requires": true,
  "dependencies": {
    "govuk-frontend": {
      "version": "3.6.0",
      "resolved": "https://registry.npmjs.org/govuk-frontend/-/govuk-frontend-3.6.0.tgz",
      "integrity": "sha512-wTxufdY8vFvKJ2EmmQKmarrQ7n30kzg+vvqgGib2dawl7c5Wst8dffkEJQpy9Zs99TE/yEEFgj0VUO4GRUO22A=="
    },
    "nidirect-frontend": {
      "version": "2.0.0",
      "resolved": "https://registry.npmjs.org/nidirect-frontend/-/nidirect-frontend-2.0.0.tgz",
      "integrity": "sha512-nJ1MlAZ/rY7Yz99hsilDSfdLRM887VN+ZX228cmdTkeXAJrQwS8e0P4rrXBB3np+Ovpmg8nzvo2m06JxYXA+3A==",
      "requires": {
        "govuk-frontend": "*"
      }
    }
  }
}
